
Microsoft Visual Studio Solution File, Format Version 12.00
# Visual Studio Version 17
VisualStudioVersion = 17.14.36212.18 d17.14
MinimumVisualStudioVersion = 10.0.40219.1
Project("{FAE04EC0-301F-11D3-BF4B-00C04F79EFBC}") = "WinFormsApp1", "WinFormsApp1\WinFormsApp1.csproj", "{47D0B85F-279B-42A7-A4F6-DCFFB07288D3}"
EndProject
Global
	GlobalSection(SolutionConfigurationPlatforms) = preSolution
		Debug|Any CPU = Debug|Any CPU
		Release|Any CPU = Release|Any CPU
	EndGlobalSection
	GlobalSection(ProjectConfigurationPlatforms) = postSolution
		{47D0B85F-279B-42A7-A4F6-DCFFB07288D3}.Debug|Any CPU.ActiveCfg = Debug|Any CPU
		{47D0B85F-279B-42A7-A4F6-DCFFB07288D3}.Debug|Any CPU.Build.0 = Debug|Any CPU
		{47D0B85F-279B-42A7-A4F6-DCFFB07288D3}.Release|Any CPU.ActiveCfg = Release|Any CPU
		{47D0B85F-279B-42A7-A4F6-DCFFB07288D3}.Release|Any CPU.Build.0 = Release|Any CPU
	EndGlobalSection
	GlobalSection(SolutionProperties) = preSolution
		HideSolutionNode = FALSE
	EndGlobalSection
	GlobalSection(ExtensibilityGlobals) = postSolution
		SolutionGuid = {9D34FC02-6301-405A-B34C-D4E119384EBD}
	EndGlobalSection
EndGlobal
